
Microsoft Visual Studio Solution File, Format Version 12.00
# Visual Studio Version 16
VisualStudioVersion = 25.0.1704.0
MinimumVisualStudioVersion = 10.0.40219.1
Project("{FAE04EC0-301F-11D3-BF4B-00C04F79EFBC}") = "CefGlueForUnity.Engine.Cef", "CefGlueForUnity.Engine.Cef\CefGlueForUnity.Engine.Cef.csproj", "{7626CB4E-ECE6-41C1-A323-6456C3142852}"
EndProject
Project("{2150E333-8FDC-42A3-9474-1A3956D46DE8}") = "Engines", "Engines", "{85655608-AEB7-423A-8A21-87487B5A8A87}"
EndProject
Project("{FAE04EC0-301F-11D3-BF4B-00C04F79EFBC}") = "CefGlue", "..\ThirdParty\cefglue\CefGlue\CefGlue.csproj", "{5B979597-F4FA-456B-97D4-F13C65902A64}"
EndProject
Project("{FAE04EC0-301F-11D3-BF4B-00C04F79EFBC}") = "CefGlueForUnity.Shared", "CefGlueForUnity.Shared\CefGlueForUnity.Shared.csproj", "{7602FBFA-F2A8-4F12-A7DE-91F407FE11E2}"
EndProject
Project("{2150E333-8FDC-42A3-9474-1A3956D46DE8}") = "Cef", "Cef", "{B8900B12-0E5C-49F8-8CB6-3F5BEA4DC29D}"
EndProject
Project("{FAE04EC0-301F-11D3-BF4B-00C04F79EFBC}") = "CefGlueForUnity.Engine.Shared", "CefGlueForUnity.Engine.Shared\CefGlueForUnity.Engine.Shared.csproj", "{605A3C29-37CE-487E-9DFF-60AC52B41C11}"
EndProject
Project("{2150E333-8FDC-42A3-9474-1A3956D46DE8}") = "Props", "Props", "{977A83BC-5198-47B0-BFB1-5DB5FAA5DD1D}"
	ProjectSection(SolutionItems) = preProject
		Props\Properties.props = Props\Properties.props
		Props\Defines.props = Props\Defines.props
		Props\Defines.targets = Props\Defines.targets
		Props\.editorconfig = Props\.editorconfig
	EndProjectSection
EndProject
Global
	GlobalSection(SolutionConfigurationPlatforms) = preSolution
		Debug|Any CPU = Debug|Any CPU
		Release|Any CPU = Release|Any CPU
	EndGlobalSection
	GlobalSection(ProjectConfigurationPlatforms) = postSolution
		{7626CB4E-ECE6-41C1-A323-6456C3142852}.Debug|Any CPU.ActiveCfg = Debug|Any CPU
		{7626CB4E-ECE6-41C1-A323-6456C3142852}.Debug|Any CPU.Build.0 = Debug|Any CPU
		{7626CB4E-ECE6-41C1-A323-6456C3142852}.Release|Any CPU.ActiveCfg = Release|Any CPU
		{7626CB4E-ECE6-41C1-A323-6456C3142852}.Release|Any CPU.Build.0 = Release|Any CPU
		{5B979597-F4FA-456B-97D4-F13C65902A64}.Debug|Any CPU.ActiveCfg = Debug|Any CPU
		{5B979597-F4FA-456B-97D4-F13C65902A64}.Debug|Any CPU.Build.0 = Debug|Any CPU
		{5B979597-F4FA-456B-97D4-F13C65902A64}.Release|Any CPU.ActiveCfg = Release|Any CPU
		{5B979597-F4FA-456B-97D4-F13C65902A64}.Release|Any CPU.Build.0 = Release|Any CPU
		{7602FBFA-F2A8-4F12-A7DE-91F407FE11E2}.Debug|Any CPU.ActiveCfg = Debug|Any CPU
		{7602FBFA-F2A8-4F12-A7DE-91F407FE11E2}.Debug|Any CPU.Build.0 = Debug|Any CPU
		{7602FBFA-F2A8-4F12-A7DE-91F407FE11E2}.Release|Any CPU.ActiveCfg = Release|Any CPU
		{7602FBFA-F2A8-4F12-A7DE-91F407FE11E2}.Release|Any CPU.Build.0 = Release|Any CPU
		{605A3C29-37CE-487E-9DFF-60AC52B41C11}.Debug|Any CPU.ActiveCfg = Debug|Any CPU
		{605A3C29-37CE-487E-9DFF-60AC52B41C11}.Debug|Any CPU.Build.0 = Debug|Any CPU
		{605A3C29-37CE-487E-9DFF-60AC52B41C11}.Release|Any CPU.ActiveCfg = Release|Any CPU
		{605A3C29-37CE-487E-9DFF-60AC52B41C11}.Release|Any CPU.Build.0 = Release|Any CPU
	EndGlobalSection
	GlobalSection(SolutionProperties) = preSolution
		HideSolutionNode = FALSE
	EndGlobalSection
	GlobalSection(ExtensibilityGlobals) = postSolution
		SolutionGuid = {8951614E-A466-4060-A2AA-1B43AF8F07A0}
	EndGlobalSection
	GlobalSection(NestedProjects) = preSolution
		{7626CB4E-ECE6-41C1-A323-6456C3142852} = {B8900B12-0E5C-49F8-8CB6-3F5BEA4DC29D}
		{5B979597-F4FA-456B-97D4-F13C65902A64} = {B8900B12-0E5C-49F8-8CB6-3F5BEA4DC29D}
		{B8900B12-0E5C-49F8-8CB6-3F5BEA4DC29D} = {85655608-AEB7-423A-8A21-87487B5A8A87}
		{605A3C29-37CE-487E-9DFF-60AC52B41C11} = {85655608-AEB7-423A-8A21-87487B5A8A87}
	EndGlobalSection
EndGlobal
